
Microsoft Visual Studio Solution File, Format Version 12.00
# Visual Studio Version 17
VisualStudioVersion = 17.6.33815.320
MinimumVisualStudioVersion = 10.0.40219.1
Project("{FAE04EC0-301F-11D3-BF4B-00C04F79EFBC}") = "AdCreative.BackendCase", "AdCreative.BackendCase\AdCreative.BackendCase.csproj", "{8CF4BB12-1F9A-4457-BC7C-A87A54212798}"
EndProject
Global
	GlobalSection(SolutionConfigurationPlatforms) = preSolution
		Debug|Any CPU = Debug|Any CPU
		Release|Any CPU = Release|Any CPU
	EndGlobalSection
	GlobalSection(ProjectConfigurationPlatforms) = postSolution
		{8CF4BB12-1F9A-4457-BC7C-A87A54212798}.Debug|Any CPU.ActiveCfg = Debug|Any CPU
		{8CF4BB12-1F9A-4457-BC7C-A87A54212798}.Debug|Any CPU.Build.0 = Debug|Any CPU
		{8CF4BB12-1F9A-4457-BC7C-A87A54212798}.Release|Any CPU.ActiveCfg = Release|Any CPU
		{8CF4BB12-1F9A-4457-BC7C-A87A54212798}.Release|Any CPU.Build.0 = Release|Any CPU
	EndGlobalSection
	GlobalSection(SolutionProperties) = preSolution
		HideSolutionNode = FALSE
	EndGlobalSection
	GlobalSection(ExtensibilityGlobals) = postSolution
		SolutionGuid = {6AEE6FF7-DF45-4E94-97C3-DF8EF1B7CCCF}
	EndGlobalSection
EndGlobal
